
Microsoft Visual Studio Solution File, Format Version 12.00
# Visual Studio 15
VisualStudioVersion = 15.0.26730.15
MinimumVisualStudioVersion = 10.0.40219.1
Project("{FAE04EC0-301F-11D3-BF4B-00C04F79EFBC}") = "P01_StudentSystem", "P01_StudentSystem\P01_StudentSystem.csproj", "{967B3748-AD33-4AC6-9609-DEF02305699C}"
EndProject
Project("{FAE04EC0-301F-11D3-BF4B-00C04F79EFBC}") = "P03_FootballBetting", "P03_FootballBetting\P03_FootballBetting.csproj", "{A09D798F-D0AA-41EE-9FC8-914EC1973562}"
EndProject
Global
	GlobalSection(SolutionConfigurationPlatforms) = preSolution
		Debug|Any CPU = Debug|Any CPU
		Release|Any CPU = Release|Any CPU
	EndGlobalSection
	GlobalSection(ProjectConfigurationPlatforms) = postSolution
		{967B3748-AD33-4AC6-9609-DEF02305699C}.Debug|Any CPU.ActiveCfg = Debug|Any CPU
		{967B3748-AD33-4AC6-9609-DEF02305699C}.Debug|Any CPU.Build.0 = Debug|Any CPU
		{967B3748-AD33-4AC6-9609-DEF02305699C}.Release|Any CPU.ActiveCfg = Release|Any CPU
		{967B3748-AD33-4AC6-9609-DEF02305699C}.Release|Any CPU.Build.0 = Release|Any CPU
		{A09D798F-D0AA-41EE-9FC8-914EC1973562}.Debug|Any CPU.ActiveCfg = Debug|Any CPU
		{A09D798F-D0AA-41EE-9FC8-914EC1973562}.Debug|Any CPU.Build.0 = Debug|Any CPU
		{A09D798F-D0AA-41EE-9FC8-914EC1973562}.Release|Any CPU.ActiveCfg = Release|Any CPU
		{A09D798F-D0AA-41EE-9FC8-914EC1973562}.Release|Any CPU.Build.0 = Release|Any CPU
	EndGlobalSection
	GlobalSection(SolutionProperties) = preSolution
		HideSolutionNode = FALSE
	EndGlobalSection
	GlobalSection(ExtensibilityGlobals) = postSolution
		SolutionGuid = {D462000C-73D6-40AC-A391-76444D2941A5}
	EndGlobalSection
EndGlobal
