
Microsoft Visual Studio Solution File, Format Version 12.00
# Visual Studio 14
VisualStudioVersion = 14.0.25420.1
MinimumVisualStudioVersion = 10.0.40219.1
Project("{FAE04EC0-301F-11D3-BF4B-00C04F79EFBC}") = "01. Vehicles", "01. Vehicles\01. Vehicles.csproj", "{0C7CAD18-37C7-46DE-B907-60023EFE4EC9}"
EndProject
Project("{FAE04EC0-301F-11D3-BF4B-00C04F79EFBC}") = "02. Vehicles Extension", "02. Vehicles Extension\02. Vehicles Extension.csproj", "{A2D5458D-643D-4954-8BD5-6FDE1915C336}"
EndProject
Project("{FAE04EC0-301F-11D3-BF4B-00C04F79EFBC}") = "03. Wild farm", "03. Wild farm\03. Wild farm.csproj", "{BA838072-8251-4C28-BF9F-1154ABA7505F}"
EndProject
Global
	GlobalSection(SolutionConfigurationPlatforms) = preSolution
		Debug|Any CPU = Debug|Any CPU
		Release|Any CPU = Release|Any CPU
	EndGlobalSection
	GlobalSection(ProjectConfigurationPlatforms) = postSolution
		{0C7CAD18-37C7-46DE-B907-60023EFE4EC9}.Debug|Any CPU.ActiveCfg = Debug|Any CPU
		{0C7CAD18-37C7-46DE-B907-60023EFE4EC9}.Debug|Any CPU.Build.0 = Debug|Any CPU
		{0C7CAD18-37C7-46DE-B907-60023EFE4EC9}.Release|Any CPU.ActiveCfg = Release|Any CPU
		{0C7CAD18-37C7-46DE-B907-60023EFE4EC9}.Release|Any CPU.Build.0 = Release|Any CPU
		{A2D5458D-643D-4954-8BD5-6FDE1915C336}.Debug|Any CPU.ActiveCfg = Debug|Any CPU
		{A2D5458D-643D-4954-8BD5-6FDE1915C336}.Debug|Any CPU.Build.0 = Debug|Any CPU
		{A2D5458D-643D-4954-8BD5-6FDE1915C336}.Release|Any CPU.ActiveCfg = Release|Any CPU
		{A2D5458D-643D-4954-8BD5-6FDE1915C336}.Release|Any CPU.Build.0 = Release|Any CPU
		{BA838072-8251-4C28-BF9F-1154ABA7505F}.Debug|Any CPU.ActiveCfg = Debug|Any CPU
		{BA838072-8251-4C28-BF9F-1154ABA7505F}.Debug|Any CPU.Build.0 = Debug|Any CPU
		{BA838072-8251-4C28-BF9F-1154ABA7505F}.Release|Any CPU.ActiveCfg = Release|Any CPU
		{BA838072-8251-4C28-BF9F-1154ABA7505F}.Release|Any CPU.Build.0 = Release|Any CPU
	EndGlobalSection
	GlobalSection(SolutionProperties) = preSolution
		HideSolutionNode = FALSE
	EndGlobalSection
EndGlobal
