
Microsoft Visual Studio Solution File, Format Version 12.00
# Visual Studio 14
VisualStudioVersion = 14.0.25420.1
MinimumVisualStudioVersion = 10.0.40219.1
Project("{FAE04EC0-301F-11D3-BF4B-00C04F79EFBC}") = "01. Box", "01. Box\01. Box.csproj", "{135AB7C0-EAA7-41C2-8FBE-9CC86C04F682}"
EndProject
Project("{FAE04EC0-301F-11D3-BF4B-00C04F79EFBC}") = "02. Array Creator", "02. Array Creator\02. Array Creator.csproj", "{C0822A16-5A7F-42B8-A276-EF14FF5F275F}"
EndProject
Project("{FAE04EC0-301F-11D3-BF4B-00C04F79EFBC}") = "03. Scale", "03. Scale\03. Scale.csproj", "{9B588375-8FFB-4C42-A466-D090D12438A9}"
EndProject
Global
	GlobalSection(SolutionConfigurationPlatforms) = preSolution
		Debug|Any CPU = Debug|Any CPU
		Release|Any CPU = Release|Any CPU
	EndGlobalSection
	GlobalSection(ProjectConfigurationPlatforms) = postSolution
		{135AB7C0-EAA7-41C2-8FBE-9CC86C04F682}.Debug|Any CPU.ActiveCfg = Debug|Any CPU
		{135AB7C0-EAA7-41C2-8FBE-9CC86C04F682}.Debug|Any CPU.Build.0 = Debug|Any CPU
		{135AB7C0-EAA7-41C2-8FBE-9CC86C04F682}.Release|Any CPU.ActiveCfg = Release|Any CPU
		{135AB7C0-EAA7-41C2-8FBE-9CC86C04F682}.Release|Any CPU.Build.0 = Release|Any CPU
		{C0822A16-5A7F-42B8-A276-EF14FF5F275F}.Debug|Any CPU.ActiveCfg = Debug|Any CPU
		{C0822A16-5A7F-42B8-A276-EF14FF5F275F}.Debug|Any CPU.Build.0 = Debug|Any CPU
		{C0822A16-5A7F-42B8-A276-EF14FF5F275F}.Release|Any CPU.ActiveCfg = Release|Any CPU
		{C0822A16-5A7F-42B8-A276-EF14FF5F275F}.Release|Any CPU.Build.0 = Release|Any CPU
		{9B588375-8FFB-4C42-A466-D090D12438A9}.Debug|Any CPU.ActiveCfg = Debug|Any CPU
		{9B588375-8FFB-4C42-A466-D090D12438A9}.Debug|Any CPU.Build.0 = Debug|Any CPU
		{9B588375-8FFB-4C42-A466-D090D12438A9}.Release|Any CPU.ActiveCfg = Release|Any CPU
		{9B588375-8FFB-4C42-A466-D090D12438A9}.Release|Any CPU.Build.0 = Release|Any CPU
	EndGlobalSection
	GlobalSection(SolutionProperties) = preSolution
		HideSolutionNode = FALSE
	EndGlobalSection
EndGlobal
