
Microsoft Visual Studio Solution File, Format Version 12.00
# Visual Studio 14
VisualStudioVersion = 14.0.25420.1
MinimumVisualStudioVersion = 10.0.40219.1
Project("{FAE04EC0-301F-11D3-BF4B-00C04F79EFBC}") = "03. Comparable Book", "03. Comparable Book\03. Comparable Book.csproj", "{E6323C7E-6A9F-4C5B-A0A7-68C4B5A36C73}"
EndProject
Project("{FAE04EC0-301F-11D3-BF4B-00C04F79EFBC}") = "01. Library", "01. Library\01. Library.csproj", "{FEF3CE76-30CB-45D5-9A52-FBA1A40F0709}"
EndProject
Project("{FAE04EC0-301F-11D3-BF4B-00C04F79EFBC}") = "02. Library Iterator", "02. Library Iterator\02. Library Iterator.csproj", "{5F7C7A7A-61EB-48F1-8701-678195779981}"
EndProject
Project("{FAE04EC0-301F-11D3-BF4B-00C04F79EFBC}") = "04. Book Comparer", "04. Book Comparer\04. Book Comparer.csproj", "{5E093B3A-AE57-47CA-9F14-F4310F281AD0}"
EndProject
Global
	GlobalSection(SolutionConfigurationPlatforms) = preSolution
		Debug|Any CPU = Debug|Any CPU
		Release|Any CPU = Release|Any CPU
	EndGlobalSection
	GlobalSection(ProjectConfigurationPlatforms) = postSolution
		{E6323C7E-6A9F-4C5B-A0A7-68C4B5A36C73}.Debug|Any CPU.ActiveCfg = Debug|Any CPU
		{E6323C7E-6A9F-4C5B-A0A7-68C4B5A36C73}.Debug|Any CPU.Build.0 = Debug|Any CPU
		{E6323C7E-6A9F-4C5B-A0A7-68C4B5A36C73}.Release|Any CPU.ActiveCfg = Release|Any CPU
		{E6323C7E-6A9F-4C5B-A0A7-68C4B5A36C73}.Release|Any CPU.Build.0 = Release|Any CPU
		{FEF3CE76-30CB-45D5-9A52-FBA1A40F0709}.Debug|Any CPU.ActiveCfg = Debug|Any CPU
		{FEF3CE76-30CB-45D5-9A52-FBA1A40F0709}.Debug|Any CPU.Build.0 = Debug|Any CPU
		{FEF3CE76-30CB-45D5-9A52-FBA1A40F0709}.Release|Any CPU.ActiveCfg = Release|Any CPU
		{FEF3CE76-30CB-45D5-9A52-FBA1A40F0709}.Release|Any CPU.Build.0 = Release|Any CPU
		{5F7C7A7A-61EB-48F1-8701-678195779981}.Debug|Any CPU.ActiveCfg = Debug|Any CPU
		{5F7C7A7A-61EB-48F1-8701-678195779981}.Debug|Any CPU.Build.0 = Debug|Any CPU
		{5F7C7A7A-61EB-48F1-8701-678195779981}.Release|Any CPU.ActiveCfg = Release|Any CPU
		{5F7C7A7A-61EB-48F1-8701-678195779981}.Release|Any CPU.Build.0 = Release|Any CPU
		{5E093B3A-AE57-47CA-9F14-F4310F281AD0}.Debug|Any CPU.ActiveCfg = Debug|Any CPU
		{5E093B3A-AE57-47CA-9F14-F4310F281AD0}.Debug|Any CPU.Build.0 = Debug|Any CPU
		{5E093B3A-AE57-47CA-9F14-F4310F281AD0}.Release|Any CPU.ActiveCfg = Release|Any CPU
		{5E093B3A-AE57-47CA-9F14-F4310F281AD0}.Release|Any CPU.Build.0 = Release|Any CPU
	EndGlobalSection
	GlobalSection(SolutionProperties) = preSolution
		HideSolutionNode = FALSE
	EndGlobalSection
EndGlobal
