
Microsoft Visual Studio Solution File, Format Version 12.00
# Visual Studio 14
VisualStudioVersion = 14.0.25420.1
MinimumVisualStudioVersion = 10.0.40219.1
Project("{FAE04EC0-301F-11D3-BF4B-00C04F79EFBC}") = "01. Remove Negatives and Reverse", "01. Remove Negatives and Reverse\01. Remove Negatives and Reverse.csproj", "{5E352A20-DAC4-4813-96E3-93BDF80A7068}"
EndProject
Project("{FAE04EC0-301F-11D3-BF4B-00C04F79EFBC}") = "02. Append Lists", "02. Append Lists\02. Append Lists.csproj", "{518250D2-F436-4BDE-8A08-4A666092F2B3}"
EndProject
Project("{FAE04EC0-301F-11D3-BF4B-00C04F79EFBC}") = "03. Sum Adjacent Equal Numbers", "03. Sum Adjacent Equal Numbers\03. Sum Adjacent Equal Numbers.csproj", "{6876C919-D522-4D5D-BBCF-F14835664717}"
EndProject
Project("{FAE04EC0-301F-11D3-BF4B-00C04F79EFBC}") = "04. Split by Word Casing", "04. Split by Word Casing\04. Split by Word Casing.csproj", "{15BA7AEE-B806-40AD-B011-3D890B4156D6}"
EndProject
Project("{FAE04EC0-301F-11D3-BF4B-00C04F79EFBC}") = "05. Sort Numbers", "05. Sort Numbers\05. Sort Numbers.csproj", "{AFF4A1F7-871D-4E28-8A6D-0AC86E38BCA5}"
EndProject
Project("{FAE04EC0-301F-11D3-BF4B-00C04F79EFBC}") = "06. Square Numbers", "06. Square Numbers\06. Square Numbers.csproj", "{2325A1D5-8E4C-4E23-BE44-AB6221D6A7D2}"
EndProject
Project("{FAE04EC0-301F-11D3-BF4B-00C04F79EFBC}") = "07. Count Numbers", "07. Count Numbers\07. Count Numbers.csproj", "{A03B276C-5C8B-46D2-AFB0-EAE1D712C0D8}"
EndProject
Global
	GlobalSection(SolutionConfigurationPlatforms) = preSolution
		Debug|Any CPU = Debug|Any CPU
		Release|Any CPU = Release|Any CPU
	EndGlobalSection
	GlobalSection(ProjectConfigurationPlatforms) = postSolution
		{5E352A20-DAC4-4813-96E3-93BDF80A7068}.Debug|Any CPU.ActiveCfg = Debug|Any CPU
		{5E352A20-DAC4-4813-96E3-93BDF80A7068}.Debug|Any CPU.Build.0 = Debug|Any CPU
		{5E352A20-DAC4-4813-96E3-93BDF80A7068}.Release|Any CPU.ActiveCfg = Release|Any CPU
		{5E352A20-DAC4-4813-96E3-93BDF80A7068}.Release|Any CPU.Build.0 = Release|Any CPU
		{518250D2-F436-4BDE-8A08-4A666092F2B3}.Debug|Any CPU.ActiveCfg = Debug|Any CPU
		{518250D2-F436-4BDE-8A08-4A666092F2B3}.Debug|Any CPU.Build.0 = Debug|Any CPU
		{518250D2-F436-4BDE-8A08-4A666092F2B3}.Release|Any CPU.ActiveCfg = Release|Any CPU
		{518250D2-F436-4BDE-8A08-4A666092F2B3}.Release|Any CPU.Build.0 = Release|Any CPU
		{6876C919-D522-4D5D-BBCF-F14835664717}.Debug|Any CPU.ActiveCfg = Debug|Any CPU
		{6876C919-D522-4D5D-BBCF-F14835664717}.Debug|Any CPU.Build.0 = Debug|Any CPU
		{6876C919-D522-4D5D-BBCF-F14835664717}.Release|Any CPU.ActiveCfg = Release|Any CPU
		{6876C919-D522-4D5D-BBCF-F14835664717}.Release|Any CPU.Build.0 = Release|Any CPU
		{15BA7AEE-B806-40AD-B011-3D890B4156D6}.Debug|Any CPU.ActiveCfg = Debug|Any CPU
		{15BA7AEE-B806-40AD-B011-3D890B4156D6}.Debug|Any CPU.Build.0 = Debug|Any CPU
		{15BA7AEE-B806-40AD-B011-3D890B4156D6}.Release|Any CPU.ActiveCfg = Release|Any CPU
		{15BA7AEE-B806-40AD-B011-3D890B4156D6}.Release|Any CPU.Build.0 = Release|Any CPU
		{AFF4A1F7-871D-4E28-8A6D-0AC86E38BCA5}.Debug|Any CPU.ActiveCfg = Debug|Any CPU
		{AFF4A1F7-871D-4E28-8A6D-0AC86E38BCA5}.Debug|Any CPU.Build.0 = Debug|Any CPU
		{AFF4A1F7-871D-4E28-8A6D-0AC86E38BCA5}.Release|Any CPU.ActiveCfg = Release|Any CPU
		{AFF4A1F7-871D-4E28-8A6D-0AC86E38BCA5}.Release|Any CPU.Build.0 = Release|Any CPU
		{2325A1D5-8E4C-4E23-BE44-AB6221D6A7D2}.Debug|Any CPU.ActiveCfg = Debug|Any CPU
		{2325A1D5-8E4C-4E23-BE44-AB6221D6A7D2}.Debug|Any CPU.Build.0 = Debug|Any CPU
		{2325A1D5-8E4C-4E23-BE44-AB6221D6A7D2}.Release|Any CPU.ActiveCfg = Release|Any CPU
		{2325A1D5-8E4C-4E23-BE44-AB6221D6A7D2}.Release|Any CPU.Build.0 = Release|Any CPU
		{A03B276C-5C8B-46D2-AFB0-EAE1D712C0D8}.Debug|Any CPU.ActiveCfg = Debug|Any CPU
		{A03B276C-5C8B-46D2-AFB0-EAE1D712C0D8}.Debug|Any CPU.Build.0 = Debug|Any CPU
		{A03B276C-5C8B-46D2-AFB0-EAE1D712C0D8}.Release|Any CPU.ActiveCfg = Release|Any CPU
		{A03B276C-5C8B-46D2-AFB0-EAE1D712C0D8}.Release|Any CPU.Build.0 = Release|Any CPU
	EndGlobalSection
	GlobalSection(SolutionProperties) = preSolution
		HideSolutionNode = FALSE
	EndGlobalSection
EndGlobal
