
Microsoft Visual Studio Solution File, Format Version 12.00
# Visual Studio 14
VisualStudioVersion = 14.0.25420.1
MinimumVisualStudioVersion = 10.0.40219.1
Project("{FAE04EC0-301F-11D3-BF4B-00C04F79EFBC}") = "02. High Quality Mistakes", "02. High Quality Mistakes\02. High Quality Mistakes.csproj", "{966BDBD5-29D0-4193-8439-237B56DFBB36}"
EndProject
Project("{FAE04EC0-301F-11D3-BF4B-00C04F79EFBC}") = "01. Stealer", "01. Stealer\01. Stealer.csproj", "{A19C53B5-B988-4CD8-81E3-32F9D95672C6}"
EndProject
Project("{FAE04EC0-301F-11D3-BF4B-00C04F79EFBC}") = "03. Mission Private Impossible", "03. Mission Private Impossible\03. Mission Private Impossible.csproj", "{BB6904DD-A9BD-442A-BCBC-953842C65454}"
EndProject
Project("{FAE04EC0-301F-11D3-BF4B-00C04F79EFBC}") = "04. Collector", "04. Collector\04. Collector.csproj", "{92196748-C315-428D-BB05-3EB7E58AC194}"
EndProject
Global
	GlobalSection(SolutionConfigurationPlatforms) = preSolution
		Debug|Any CPU = Debug|Any CPU
		Release|Any CPU = Release|Any CPU
	EndGlobalSection
	GlobalSection(ProjectConfigurationPlatforms) = postSolution
		{966BDBD5-29D0-4193-8439-237B56DFBB36}.Debug|Any CPU.ActiveCfg = Debug|Any CPU
		{966BDBD5-29D0-4193-8439-237B56DFBB36}.Debug|Any CPU.Build.0 = Debug|Any CPU
		{966BDBD5-29D0-4193-8439-237B56DFBB36}.Release|Any CPU.ActiveCfg = Release|Any CPU
		{966BDBD5-29D0-4193-8439-237B56DFBB36}.Release|Any CPU.Build.0 = Release|Any CPU
		{A19C53B5-B988-4CD8-81E3-32F9D95672C6}.Debug|Any CPU.ActiveCfg = Debug|Any CPU
		{A19C53B5-B988-4CD8-81E3-32F9D95672C6}.Debug|Any CPU.Build.0 = Debug|Any CPU
		{A19C53B5-B988-4CD8-81E3-32F9D95672C6}.Release|Any CPU.ActiveCfg = Release|Any CPU
		{A19C53B5-B988-4CD8-81E3-32F9D95672C6}.Release|Any CPU.Build.0 = Release|Any CPU
		{BB6904DD-A9BD-442A-BCBC-953842C65454}.Debug|Any CPU.ActiveCfg = Debug|Any CPU
		{BB6904DD-A9BD-442A-BCBC-953842C65454}.Debug|Any CPU.Build.0 = Debug|Any CPU
		{BB6904DD-A9BD-442A-BCBC-953842C65454}.Release|Any CPU.ActiveCfg = Release|Any CPU
		{BB6904DD-A9BD-442A-BCBC-953842C65454}.Release|Any CPU.Build.0 = Release|Any CPU
		{92196748-C315-428D-BB05-3EB7E58AC194}.Debug|Any CPU.ActiveCfg = Debug|Any CPU
		{92196748-C315-428D-BB05-3EB7E58AC194}.Debug|Any CPU.Build.0 = Debug|Any CPU
		{92196748-C315-428D-BB05-3EB7E58AC194}.Release|Any CPU.ActiveCfg = Release|Any CPU
		{92196748-C315-428D-BB05-3EB7E58AC194}.Release|Any CPU.Build.0 = Release|Any CPU
	EndGlobalSection
	GlobalSection(SolutionProperties) = preSolution
		HideSolutionNode = FALSE
	EndGlobalSection
EndGlobal
